
Microsoft Visual Studio Solution File, Format Version 12.00
# Visual Studio Version 17
VisualStudioVersion = 17.3.32929.385
MinimumVisualStudioVersion = 10.0.40219.1
Project("{FAE04EC0-301F-11D3-BF4B-00C04F79EFBC}") = "study1025", "study1025\study1025.csproj", "{BC0318DC-A57F-4D2B-B9C5-DF7A0FD10B90}"
EndProject
Global
	GlobalSection(SolutionConfigurationPlatforms) = preSolution
		Debug|Any CPU = Debug|Any CPU
		Release|Any CPU = Release|Any CPU
	EndGlobalSection
	GlobalSection(ProjectConfigurationPlatforms) = postSolution
		{BC0318DC-A57F-4D2B-B9C5-DF7A0FD10B90}.Debug|Any CPU.ActiveCfg = Debug|Any CPU
		{BC0318DC-A57F-4D2B-B9C5-DF7A0FD10B90}.Debug|Any CPU.Build.0 = Debug|Any CPU
		{BC0318DC-A57F-4D2B-B9C5-DF7A0FD10B90}.Release|Any CPU.ActiveCfg = Release|Any CPU
		{BC0318DC-A57F-4D2B-B9C5-DF7A0FD10B90}.Release|Any CPU.Build.0 = Release|Any CPU
	EndGlobalSection
	GlobalSection(SolutionProperties) = preSolution
		HideSolutionNode = FALSE
	EndGlobalSection
	GlobalSection(ExtensibilityGlobals) = postSolution
		SolutionGuid = {322DA456-F3E1-41EF-8838-2FE62D61CD99}
	EndGlobalSection
EndGlobal
